
Microsoft Visual Studio Solution File, Format Version 12.00
# Visual Studio Version 17
VisualStudioVersion = 17.8.34316.72
MinimumVisualStudioVersion = 10.0.40219.1
Project("{9A19103F-16F7-4668-BE54-9A1E7A4F7556}") = "DiscordBot", "DiscordBot\DiscordBot.csproj", "{6E81DF7C-1921-4DB9-BC08-6224FC2B6124}"
EndProject
Project("{FAE04EC0-301F-11D3-BF4B-00C04F79EFBC}") = "IloApi", "IloApi\IloApi.csproj", "{626B3B2D-E7ED-48AC-9056-D2CF940DED6D}"
EndProject
Global
	GlobalSection(SolutionConfigurationPlatforms) = preSolution
		Debug|Any CPU = Debug|Any CPU
		Release|Any CPU = Release|Any CPU
	EndGlobalSection
	GlobalSection(ProjectConfigurationPlatforms) = postSolution
		{6E81DF7C-1921-4DB9-BC08-6224FC2B6124}.Debug|Any CPU.ActiveCfg = Debug|Any CPU
		{6E81DF7C-1921-4DB9-BC08-6224FC2B6124}.Debug|Any CPU.Build.0 = Debug|Any CPU
		{6E81DF7C-1921-4DB9-BC08-6224FC2B6124}.Release|Any CPU.ActiveCfg = Release|Any CPU
		{6E81DF7C-1921-4DB9-BC08-6224FC2B6124}.Release|Any CPU.Build.0 = Release|Any CPU
		{626B3B2D-E7ED-48AC-9056-D2CF940DED6D}.Debug|Any CPU.ActiveCfg = Debug|Any CPU
		{626B3B2D-E7ED-48AC-9056-D2CF940DED6D}.Debug|Any CPU.Build.0 = Debug|Any CPU
		{626B3B2D-E7ED-48AC-9056-D2CF940DED6D}.Release|Any CPU.ActiveCfg = Release|Any CPU
		{626B3B2D-E7ED-48AC-9056-D2CF940DED6D}.Release|Any CPU.Build.0 = Release|Any CPU
	EndGlobalSection
	GlobalSection(SolutionProperties) = preSolution
		HideSolutionNode = FALSE
	EndGlobalSection
	GlobalSection(ExtensibilityGlobals) = postSolution
		SolutionGuid = {C89025B2-3769-4969-914E-C2C64F8748F2}
	EndGlobalSection
EndGlobal
